{
  "name": "pixllheads",
  "version": "1.0.0",
  "lockfileVersion": 2,
  "requires": true,
  "packages": {
    "": {
      "name": "pixllheads",
      "version": "1.0.0",
      "license": "ISC",
      "dependencies": {
        "@pixi/sound": "^4.1.0"
      }
    },
    "node_modules/@pixi/constants": {
      "version": "6.2.1",
      "resolved": "https://registry.npmjs.org/@pixi/constants/-/constants-6.2.1.tgz",
      "integrity": "sha512-Dppt6rjYP4mIvJCY1I38XhPSfXoOm+A+ERKljLjcvcxVAMhqCTVz3YMp2cUzaio6DtQutiQ6tT06M40xlBZ/lA==",
      "peer": true
    },
    "node_modules/@pixi/core": {
      "version": "6.2.1",
      "resolved": "https://registry.npmjs.org/@pixi/core/-/core-6.2.1.tgz",
      "integrity": "sha512-Ndh4/sNXWEkDeU5waWBCsMMPPaQv5uXLyepPXJE0emHBtgJOjKEHa79hrr0p1I2KN7Q8+mw8WlK55yVGuHroIA==",
      "peer": true,
      "funding": {
        "type": "opencollective",
        "url": "https://opencollective.com/pixijs"
      },
      "peerDependencies": {
        "@pixi/constants": "6.2.1",
        "@pixi/math": "6.2.1",
        "@pixi/runner": "6.2.1",
        "@pixi/settings": "6.2.1",
        "@pixi/ticker": "6.2.1",
        "@pixi/utils": "6.2.1"
      }
    },
    "node_modules/@pixi/loaders": {
      "version": "6.2.1",
      "resolved": "https://registry.npmjs.org/@pixi/loaders/-/loaders-6.2.1.tgz",
      "integrity": "sha512-UB1uYb3HL4uN1q+w916DNLIZzz7gkg3p4QQRmBXq08Dnj8DWCghPRAfTGfCu3ORqYqEwSaZ+ulLT+SRfHryvyQ==",
      "peer": true,
      "peerDependencies": {
        "@pixi/constants": "6.2.1",
        "@pixi/core": "6.2.1",
        "@pixi/utils": "6.2.1"
      }
    },
    "node_modules/@pixi/math": {
      "version": "6.2.1",
      "resolved": "https://registry.npmjs.org/@pixi/math/-/math-6.2.1.tgz",
      "integrity": "sha512-ejAHHbJSRtAhpFVFOQ4niavCDkjISWBxjFQoqznManDZKXBH0vf8EQBWSth5Cp9wXXAG0mAt4gzlwYXEf7Axkg==",
      "peer": true
    },
    "node_modules/@pixi/runner": {
      "version": "6.2.1",
      "resolved": "https://registry.npmjs.org/@pixi/runner/-/runner-6.2.1.tgz",
      "integrity": "sha512-m3dB5b212WJ3wa7QGBY27NckHtQu1TR2FwtEeMyL0g0tSfCf1ve0Pegf39q9PQ4D1/C1j0n58JuKBqSf9oH66Q==",
      "peer": true
    },
    "node_modules/@pixi/settings": {
      "version": "6.2.1",
      "resolved": "https://registry.npmjs.org/@pixi/settings/-/settings-6.2.1.tgz",
      "integrity": "sha512-GVgLgTdEMZDSEyly+yX+49MhVzEiSyJCHItAurLUVGLvi443AcRuK57mYVNDdTfOn2VRIvwW7FNgwdrzq58WWQ==",
      "peer": true,
      "dependencies": {
        "ismobilejs": "^1.1.0"
      }
    },
    "node_modules/@pixi/sound": {
      "version": "4.1.0",
      "resolved": "https://registry.npmjs.org/@pixi/sound/-/sound-4.1.0.tgz",
      "integrity": "sha512-aL91XtuvpHobImxW359pPdEkLqqc90AiosMLQaQ07gTIEkXVzNnkEXBwmpdwnMApm2H03txJqg//vj8f2zlZuA==",
      "engines": {
        "node": ">=12",
        "npm": ">=7",
        "yarn": "please-use-npm"
      },
      "peerDependencies": {
        "@pixi/core": ">=5",
        "@pixi/loaders": ">=5",
        "@pixi/ticker": ">=5",
        "@pixi/utils": ">=5"
      }
    },
    "node_modules/@pixi/ticker": {
      "version": "6.2.1",
      "resolved": "https://registry.npmjs.org/@pixi/ticker/-/ticker-6.2.1.tgz",
      "integrity": "sha512-J9UCTIJswM7HO76CtBpJAB+EMBxElmJ+JV9uTUQBGZVc6cmQI9JPPx1QcDWVkuF4qv1Keeh0Tjhnq8Sjc701AA==",
      "peer": true,
      "peerDependencies": {
        "@pixi/settings": "6.2.1"
      }
    },
    "node_modules/@pixi/utils": {
      "version": "6.2.1",
      "resolved": "https://registry.npmjs.org/@pixi/utils/-/utils-6.2.1.tgz",
      "integrity": "sha512-aLOIzDZ6ccJ/DfGs9vldjWXn3RHpOMR26Bkr3aeynn/p1rdY3n2dzC8oKWwVb3gPQWmsEZJa8QuLvOiIwHqAJg==",
      "peer": true,
      "dependencies": {
        "@types/earcut": "^2.1.0",
        "earcut": "^2.2.2",
        "eventemitter3": "^3.1.0",
        "url": "^0.11.0"
      },
      "peerDependencies": {
        "@pixi/constants": "6.2.1",
        "@pixi/settings": "6.2.1"
      }
    },
    "node_modules/@types/earcut": {
      "version": "2.1.1",
      "resolved": "https://registry.npmjs.org/@types/earcut/-/earcut-2.1.1.tgz",
      "integrity": "sha512-w8oigUCDjElRHRRrMvn/spybSMyX8MTkKA5Dv+tS1IE/TgmNZPqUYtvYBXGY8cieSE66gm+szeK+bnbxC2xHTQ==",
      "peer": true
    },
    "node_modules/earcut": {
      "version": "2.2.3",
      "resolved": "https://registry.npmjs.org/earcut/-/earcut-2.2.3.tgz",
      "integrity": "sha512-iRDI1QeCQIhMCZk48DRDMVgQSSBDmbzzNhnxIo+pwx3swkfjMh6vh0nWLq1NdvGHLKH6wIrAM3vQWeTj6qeoug==",
      "peer": true
    },
    "node_modules/eventemitter3": {
      "version": "3.1.2",
      "resolved": "https://registry.npmjs.org/eventemitter3/-/eventemitter3-3.1.2.tgz",
      "integrity": "sha512-tvtQIeLVHjDkJYnzf2dgVMxfuSGJeM/7UCG17TT4EumTfNtF+0nebF/4zWOIkCreAbtNqhGEboB6BWrwqNaw4Q==",
      "peer": true
    },
    "node_modules/ismobilejs": {
      "version": "1.1.1",
      "resolved": "https://registry.npmjs.org/ismobilejs/-/ismobilejs-1.1.1.tgz",
      "integrity": "sha512-VaFW53yt8QO61k2WJui0dHf4SlL8lxBofUuUmwBo0ljPk0Drz2TiuDW4jo3wDcv41qy/SxrJ+VAzJ/qYqsmzRw==",
      "peer": true
    },
    "node_modules/punycode": {
      "version": "1.3.2",
      "resolved": "https://registry.npmjs.org/punycode/-/punycode-1.3.2.tgz",
      "integrity": "sha1-llOgNvt8HuQjQvIyXM7v6jkmxI0=",
      "peer": true
    },
    "node_modules/querystring": {
      "version": "0.2.0",
      "resolved": "https://registry.npmjs.org/querystring/-/querystring-0.2.0.tgz",
      "integrity": "sha1-sgmEkgO7Jd+CDadW50cAWHhSFiA=",
      "deprecated": "The querystring API is considered Legacy. new code should use the URLSearchParams API instead.",
      "peer": true,
      "engines": {
        "node": ">=0.4.x"
      }
    },
    "node_modules/url": {
      "version": "0.11.0",
      "resolved": "https://registry.npmjs.org/url/-/url-0.11.0.tgz",
      "integrity": "sha1-ODjpfPxgUh63PFJajlW/3Z4uKPE=",
      "peer": true,
      "dependencies": {
        "punycode": "1.3.2",
        "querystring": "0.2.0"
      }
    }
  },
  "dependencies": {
    "@pixi/constants": {
      "version": "6.2.1",
      "resolved": "https://registry.npmjs.org/@pixi/constants/-/constants-6.2.1.tgz",
      "integrity": "sha512-Dppt6rjYP4mIvJCY1I38XhPSfXoOm+A+ERKljLjcvcxVAMhqCTVz3YMp2cUzaio6DtQutiQ6tT06M40xlBZ/lA==",
      "peer": true
    },
    "@pixi/core": {
      "version": "6.2.1",
      "resolved": "https://registry.npmjs.org/@pixi/core/-/core-6.2.1.tgz",
      "integrity": "sha512-Ndh4/sNXWEkDeU5waWBCsMMPPaQv5uXLyepPXJE0emHBtgJOjKEHa79hrr0p1I2KN7Q8+mw8WlK55yVGuHroIA==",
      "peer": true,
      "requires": {}
    },
    "@pixi/loaders": {
      "version": "6.2.1",
      "resolved": "https://registry.npmjs.org/@pixi/loaders/-/loaders-6.2.1.tgz",
      "integrity": "sha512-UB1uYb3HL4uN1q+w916DNLIZzz7gkg3p4QQRmBXq08Dnj8DWCghPRAfTGfCu3ORqYqEwSaZ+ulLT+SRfHryvyQ==",
      "peer": true,
      "requires": {}
    },
    "@pixi/math": {
      "version": "6.2.1",
      "resolved": "https://registry.npmjs.org/@pixi/math/-/math-6.2.1.tgz",
      "integrity": "sha512-ejAHHbJSRtAhpFVFOQ4niavCDkjISWBxjFQoqznManDZKXBH0vf8EQBWSth5Cp9wXXAG0mAt4gzlwYXEf7Axkg==",
      "peer": true
    },
    "@pixi/runner": {
      "version": "6.2.1",
      "resolved": "https://registry.npmjs.org/@pixi/runner/-/runner-6.2.1.tgz",
      "integrity": "sha512-m3dB5b212WJ3wa7QGBY27NckHtQu1TR2FwtEeMyL0g0tSfCf1ve0Pegf39q9PQ4D1/C1j0n58JuKBqSf9oH66Q==",
      "peer": true
    },
    "@pixi/settings": {
      "version": "6.2.1",
      "resolved": "https://registry.npmjs.org/@pixi/settings/-/settings-6.2.1.tgz",
      "integrity": "sha512-GVgLgTdEMZDSEyly+yX+49MhVzEiSyJCHItAurLUVGLvi443AcRuK57mYVNDdTfOn2VRIvwW7FNgwdrzq58WWQ==",
      "peer": true,
      "requires": {
        "ismobilejs": "^1.1.0"
      }
    },
    "@pixi/sound": {
      "version": "4.1.0",
      "resolved": "https://registry.npmjs.org/@pixi/sound/-/sound-4.1.0.tgz",
      "integrity": "sha512-aL91XtuvpHobImxW359pPdEkLqqc90AiosMLQaQ07gTIEkXVzNnkEXBwmpdwnMApm2H03txJqg//vj8f2zlZuA==",
      "requires": {}
    },
    "@pixi/ticker": {
      "version": "6.2.1",
      "resolved": "https://registry.npmjs.org/@pixi/ticker/-/ticker-6.2.1.tgz",
      "integrity": "sha512-J9UCTIJswM7HO76CtBpJAB+EMBxElmJ+JV9uTUQBGZVc6cmQI9JPPx1QcDWVkuF4qv1Keeh0Tjhnq8Sjc701AA==",
      "peer": true,
      "requires": {}
    },
    "@pixi/utils": {
      "version": "6.2.1",
      "resolved": "https://registry.npmjs.org/@pixi/utils/-/utils-6.2.1.tgz",
      "integrity": "sha512-aLOIzDZ6ccJ/DfGs9vldjWXn3RHpOMR26Bkr3aeynn/p1rdY3n2dzC8oKWwVb3gPQWmsEZJa8QuLvOiIwHqAJg==",
      "peer": true,
      "requires": {
        "@types/earcut": "^2.1.0",
        "earcut": "^2.2.2",
        "eventemitter3": "^3.1.0",
        "url": "^0.11.0"
      }
    },
    "@types/earcut": {
      "version": "2.1.1",
      "resolved": "https://registry.npmjs.org/@types/earcut/-/earcut-2.1.1.tgz",
      "integrity": "sha512-w8oigUCDjElRHRRrMvn/spybSMyX8MTkKA5Dv+tS1IE/TgmNZPqUYtvYBXGY8cieSE66gm+szeK+bnbxC2xHTQ==",
      "peer": true
    },
    "earcut": {
      "version": "2.2.3",
      "resolved": "https://registry.npmjs.org/earcut/-/earcut-2.2.3.tgz",
      "integrity": "sha512-iRDI1QeCQIhMCZk48DRDMVgQSSBDmbzzNhnxIo+pwx3swkfjMh6vh0nWLq1NdvGHLKH6wIrAM3vQWeTj6qeoug==",
      "peer": true
    },
    "eventemitter3": {
      "version": "3.1.2",
      "resolved": "https://registry.npmjs.org/eventemitter3/-/eventemitter3-3.1.2.tgz",
      "integrity": "sha512-tvtQIeLVHjDkJYnzf2dgVMxfuSGJeM/7UCG17TT4EumTfNtF+0nebF/4zWOIkCreAbtNqhGEboB6BWrwqNaw4Q==",
      "peer": true
    },
    "ismobilejs": {
      "version": "1.1.1",
      "resolved": "https://registry.npmjs.org/ismobilejs/-/ismobilejs-1.1.1.tgz",
      "integrity": "sha512-VaFW53yt8QO61k2WJui0dHf4SlL8lxBofUuUmwBo0ljPk0Drz2TiuDW4jo3wDcv41qy/SxrJ+VAzJ/qYqsmzRw==",
      "peer": true
    },
    "punycode": {
      "version": "1.3.2",
      "resolved": "https://registry.npmjs.org/punycode/-/punycode-1.3.2.tgz",
      "integrity": "sha1-llOgNvt8HuQjQvIyXM7v6jkmxI0=",
      "peer": true
    },
    "querystring": {
      "version": "0.2.0",
      "resolved": "https://registry.npmjs.org/querystring/-/querystring-0.2.0.tgz",
      "integrity": "sha1-sgmEkgO7Jd+CDadW50cAWHhSFiA=",
      "peer": true
    },
    "url": {
      "version": "0.11.0",
      "resolved": "https://registry.npmjs.org/url/-/url-0.11.0.tgz",
      "integrity": "sha1-ODjpfPxgUh63PFJajlW/3Z4uKPE=",
      "peer": true,
      "requires": {
        "punycode": "1.3.2",
        "querystring": "0.2.0"
      }
    }
  }
}
